
Microsoft Visual Studio Solution File, Format Version 12.00
# Visual Studio 15
VisualStudioVersion = 15.0.26124.0
MinimumVisualStudioVersion = 15.0.26124.0
Project("{2150E333-8FDC-42A3-9474-1A3956D46DE8}") = "Switch", "Switch", "{83C67E09-C81F-4DF6-B35F-74F664360337}"
EndProject
Project("{FAE04EC0-301F-11D3-BF4B-00C04F79EFBC}") = "Switch", "Switch\Switch\Switch.csproj", "{CC36BF4D-40E0-406C-95EB-5073878307DE}"
EndProject
Project("{FAE04EC0-301F-11D3-BF4B-00C04F79EFBC}") = "Switch.Tests", "Switch\Switch.Tests\Switch.Tests.csproj", "{C3AAD2E4-742A-46BE-892E-5F685C9E3204}"
EndProject
Global
	GlobalSection(SolutionConfigurationPlatforms) = preSolution
		Debug|Any CPU = Debug|Any CPU
		Debug|x64 = Debug|x64
		Debug|x86 = Debug|x86
		Release|Any CPU = Release|Any CPU
		Release|x64 = Release|x64
		Release|x86 = Release|x86
	EndGlobalSection
	GlobalSection(SolutionProperties) = preSolution
		HideSolutionNode = FALSE
	EndGlobalSection
	GlobalSection(ProjectConfigurationPlatforms) = postSolution
		{CC36BF4D-40E0-406C-95EB-5073878307DE}.Debug|Any CPU.ActiveCfg = Debug|Any CPU
		{CC36BF4D-40E0-406C-95EB-5073878307DE}.Debug|Any CPU.Build.0 = Debug|Any CPU
		{CC36BF4D-40E0-406C-95EB-5073878307DE}.Debug|x64.ActiveCfg = Debug|Any CPU
		{CC36BF4D-40E0-406C-95EB-5073878307DE}.Debug|x64.Build.0 = Debug|Any CPU
		{CC36BF4D-40E0-406C-95EB-5073878307DE}.Debug|x86.ActiveCfg = Debug|Any CPU
		{CC36BF4D-40E0-406C-95EB-5073878307DE}.Debug|x86.Build.0 = Debug|Any CPU
		{CC36BF4D-40E0-406C-95EB-5073878307DE}.Release|Any CPU.ActiveCfg = Release|Any CPU
		{CC36BF4D-40E0-406C-95EB-5073878307DE}.Release|Any CPU.Build.0 = Release|Any CPU
		{CC36BF4D-40E0-406C-95EB-5073878307DE}.Release|x64.ActiveCfg = Release|Any CPU
		{CC36BF4D-40E0-406C-95EB-5073878307DE}.Release|x64.Build.0 = Release|Any CPU
		{CC36BF4D-40E0-406C-95EB-5073878307DE}.Release|x86.ActiveCfg = Release|Any CPU
		{CC36BF4D-40E0-406C-95EB-5073878307DE}.Release|x86.Build.0 = Release|Any CPU
		{C3AAD2E4-742A-46BE-892E-5F685C9E3204}.Debug|Any CPU.ActiveCfg = Debug|Any CPU
		{C3AAD2E4-742A-46BE-892E-5F685C9E3204}.Debug|Any CPU.Build.0 = Debug|Any CPU
		{C3AAD2E4-742A-46BE-892E-5F685C9E3204}.Debug|x64.ActiveCfg = Debug|Any CPU
		{C3AAD2E4-742A-46BE-892E-5F685C9E3204}.Debug|x64.Build.0 = Debug|Any CPU
		{C3AAD2E4-742A-46BE-892E-5F685C9E3204}.Debug|x86.ActiveCfg = Debug|Any CPU
		{C3AAD2E4-742A-46BE-892E-5F685C9E3204}.Debug|x86.Build.0 = Debug|Any CPU
		{C3AAD2E4-742A-46BE-892E-5F685C9E3204}.Release|Any CPU.ActiveCfg = Release|Any CPU
		{C3AAD2E4-742A-46BE-892E-5F685C9E3204}.Release|Any CPU.Build.0 = Release|Any CPU
		{C3AAD2E4-742A-46BE-892E-5F685C9E3204}.Release|x64.ActiveCfg = Release|Any CPU
		{C3AAD2E4-742A-46BE-892E-5F685C9E3204}.Release|x64.Build.0 = Release|Any CPU
		{C3AAD2E4-742A-46BE-892E-5F685C9E3204}.Release|x86.ActiveCfg = Release|Any CPU
		{C3AAD2E4-742A-46BE-892E-5F685C9E3204}.Release|x86.Build.0 = Release|Any CPU
	EndGlobalSection
	GlobalSection(NestedProjects) = preSolution
		{CC36BF4D-40E0-406C-95EB-5073878307DE} = {83C67E09-C81F-4DF6-B35F-74F664360337}
		{C3AAD2E4-742A-46BE-892E-5F685C9E3204} = {83C67E09-C81F-4DF6-B35F-74F664360337}
	EndGlobalSection
EndGlobal
